// !$*UTF8*$!
{
	archiveVersion = 1;
	classes = {
	};
	objectVersion = 50;
	objects = {

/* Begin PBXBuildFile section */
		B019754C2462493F00A4828F /* AppDelegate.swift in Sources */ = {isa = PBXBuildFile; fileRef = B019754B2462493F00A4828F /* AppDelegate.swift */; };
		B019754E2462493F00A4828F /* SceneDelegate.swift in Sources */ = {isa = PBXBuildFile; fileRef = B019754D2462493F00A4828F /* SceneDelegate.swift */; };
		B01975502462493F00A4828F /* ViewController.swift in Sources */ = {isa = PBXBuildFile; fileRef = B019754F2462493F00A4828F /* ViewController.swift */; };
		B01975532462493F00A4828F /* Main.storyboard in Resources */ = {isa = PBXBuildFile; fileRef = B01975512462493F00A4828F /* Main.storyboard */; };
		B01975552462494200A4828F /* Assets.xcassets in Resources */ = {isa = PBXBuildFile; fileRef = B01975542462494200A4828F /* Assets.xcassets */; };
		B01975582462494200A4828F /* LaunchScreen.storyboard in Resources */ = {isa = PBXBuildFile; fileRef = B01975562462494200A4828F /* LaunchScreen.storyboard */; };
		B03235152464F441003095A1 /* Refeicao.swift in Sources */ = {isa = PBXBuildFile; fileRef = B03235142464F441003095A1 /* Refeicao.swift */; };
		B03235182464F533003095A1 /* Item.swift in Sources */ = {isa = PBXBuildFile; fileRef = B03235172464F533003095A1 /* Item.swift */; };
/* End PBXBuildFile section */

/* Begin PBXFileReference section */
		B01975482462493F00A4828F /* eggplant-brownie-new.app */ = {isa = PBXFileReference; explicitFileType = wrapper.application; includeInIndex = 0; path = "eggplant-brownie-new.app"; sourceTree = BUILT_PRODUCTS_DIR; };
		B019754B2462493F00A4828F /* AppDelegate.swift */ = {isa = PBXFileReference; lastKnownFileType = sourcecode.swift; path = AppDelegate.swift; sourceTree = "<group>"; };
		B019754D2462493F00A4828F /* SceneDelegate.swift */ = {isa = PBXFileReference; lastKnownFileType = sourcecode.swift; path = SceneDelegate.swift; sourceTree = "<group>"; };
		B019754F2462493F00A4828F /* ViewController.swift */ = {isa = PBXFileReference; lastKnownFileType = sourcecode.swift; path = ViewController.swift; sourceTree = "<group>"; };
		B01975522462493F00A4828F /* Base */ = {isa = PBXFileReference; lastKnownFileType = file.storyboard; name = Base; path = Base.lproj/Main.storyboard; sourceTree = "<group>"; };
		B01975542462494200A4828F /* Assets.xcassets */ = {isa = PBXFileReference; lastKnownFileType = folder.assetcatalog; path = Assets.xcassets; sourceTree = "<group>"; };
		B01975572462494200A4828F /* Base */ = {isa = PBXFileReference; lastKnownFileType = file.storyboard; name = Base; path = Base.lproj/LaunchScreen.storyboard; sourceTree = "<group>"; };
		B01975592462494200A4828F /* Info.plist */ = {isa = PBXFileReference; lastKnownFileType = text.plist.xml; path = Info.plist; sourceTree = "<group>"; };
		B03235142464F441003095A1 /* Refeicao.swift */ = {isa = PBXFileReference; lastKnownFileType = sourcecode.swift; path = Refeicao.swift; sourceTree = "<group>"; };
		B03235172464F533003095A1 /* Item.swift */ = {isa = PBXFileReference; lastKnownFileType = sourcecode.swift; path = Item.swift; sourceTree = "<group>"; };
/* End PBXFileReference section */

/* Begin PBXFrameworksBuildPhase section */
		B01975452462493F00A4828F /* Frameworks */ = {
			isa = PBXFrameworksBuildPhase;
			buildActionMask = 2147483647;
			files = (
			);
			runOnlyForDeploymentPostprocessing = 0;
		};
/* End PBXFrameworksBuildPhase section */

/* Begin PBXGroup section */
		B019753F2462493F00A4828F = {
			isa = PBXGroup;
			children = (
				B019754A2462493F00A4828F /* eggplant-brownie-new */,
				B01975492462493F00A4828F /* Products */,
			);
			sourceTree = "<group>";
		};
		B01975492462493F00A4828F /* Products */ = {
			isa = PBXGroup;
			children = (
				B01975482462493F00A4828F /* eggplant-brownie-new.app */,
			);
			name = Products;
			sourceTree = "<group>";
		};
		B019754A2462493F00A4828F /* eggplant-brownie-new */ = {
			isa = PBXGroup;
			children = (
				B032351A2464F629003095A1 /* Controllers */,
				B03235192464F61E003095A1 /* Views */,
				B03235162464F4C2003095A1 /* Models */,
				B019754B2462493F00A4828F /* AppDelegate.swift */,
				B019754D2462493F00A4828F /* SceneDelegate.swift */,
				B01975542462494200A4828F /* Assets.xcassets */,
				B01975562462494200A4828F /* LaunchScreen.storyboard */,
				B01975592462494200A4828F /* Info.plist */,
			);
			path = "eggplant-brownie-new";
			sourceTree = "<group>";
		};
		B03235162464F4C2003095A1 /* Models */ = {
			isa = PBXGroup;
			children = (
				B03235142464F441003095A1 /* Refeicao.swift */,
				B03235172464F533003095A1 /* Item.swift */,
			);
			path = Models;
			sourceTree = "<group>";
		};
		B03235192464F61E003095A1 /* Views */ = {
			isa = PBXGroup;
			children = (
				B01975512462493F00A4828F /* Main.storyboard */,
			);
			path = Views;
			sourceTree = "<group>";
		};
		B032351A2464F629003095A1 /* Controllers */ = {
			isa = PBXGroup;
			children = (
				B019754F2462493F00A4828F /* ViewController.swift */,
			);
			path = Controllers;
			sourceTree = "<group>";
		};
/* End PBXGroup section */

/* Begin PBXNativeTarget section */
		B01975472462493F00A4828F /* eggplant-brownie-new */ = {
			isa = PBXNativeTarget;
			buildConfigurationList = B019755C2462494200A4828F /* Build configuration list for PBXNativeTarget "eggplant-brownie-new" */;
			buildPhases = (
				B01975442462493F00A4828F /* Sources */,
				B01975452462493F00A4828F /* Frameworks */,
				B01975462462493F00A4828F /* Resources */,
			);
			buildRules = (
			);
			dependencies = (
			);
			name = "eggplant-brownie-new";
			productName = "eggplant-brownie-new";
			productReference = B01975482462493F00A4828F /* eggplant-brownie-new.app */;
			productType = "com.apple.product-type.application";
		};
/* End PBXNativeTarget section */

/* Begin PBXProject section */
		B01975402462493F00A4828F /* Project object */ = {
			isa = PBXProject;
			attributes = {
				LastSwiftUpdateCheck = 1140;
				LastUpgradeCheck = 1140;
				ORGANIZATIONNAME = "Felipe Bertanha";
				TargetAttributes = {
					B01975472462493F00A4828F = {
						CreatedOnToolsVersion = 11.4;
					};
				};
			};
			buildConfigurationList = B01975432462493F00A4828F /* Build configuration list for PBXProject "eggplant-brownie-new" */;
			compatibilityVersion = "Xcode 9.3";
			developmentRegion = en;
			hasScannedForEncodings = 0;
			knownRegions = (
				en,
				Base,
			);
			mainGroup = B019753F2462493F00A4828F;
			productRefGroup = B01975492462493F00A4828F /* Products */;
			projectDirPath = "";
			projectRoot = "";
			targets = (
				B01975472462493F00A4828F /* eggplant-brownie-new */,
			);
		};
/* End PBXProject section */

/* Begin PBXResourcesBuildPhase section */
		B01975462462493F00A4828F /* Resources */ = {
			isa = PBXResourcesBuildPhase;
			buildActionMask = 2147483647;
			files = (
				B01975582462494200A4828F /* LaunchScreen.storyboard in Resources */,
				B01975552462494200A4828F /* Assets.xcassets in Resources */,
				B01975532462493F00A4828F /* Main.storyboard in Resources */,
			);
			runOnlyForDeploymentPostprocessing = 0;
		};
/* End PBXResourcesBuildPhase section */

/* Begin PBXSourcesBuildPhase section */
		B01975442462493F00A4828F /* Sources */ = {
			isa = PBXSourcesBuildPhase;
			buildActionMask = 2147483647;
			files = (
				B03235182464F533003095A1 /* Item.swift in Sources */,
				B01975502462493F00A4828F /* ViewController.swift in Sources */,
				B019754C2462493F00A4828F /* AppDelegate.swift in Sources */,
				B019754E2462493F00A4828F /* SceneDelegate.swift in Sources */,
				B03235152464F441003095A1 /* Refeicao.swift in Sources */,
			);
			runOnlyForDeploymentPostprocessing = 0;
		};
/* End PBXSourcesBuildPhase section */

/* Begin PBXVariantGroup section */
		B01975512462493F00A4828F /* Main.storyboard */ = {
			isa = PBXVariantGroup;
			children = (
				B01975522462493F00A4828F /* Base */,
			);
			name = Main.storyboard;
			sourceTree = "<group>";
		};
		B01975562462494200A4828F /* LaunchScreen.storyboard */ = {
			isa = PBXVariantGroup;
			children = (
				B01975572462494200A4828F /* Base */,
			);
			name = LaunchScreen.storyboard;
			sourceTree = "<group>";
		};
/* End PBXVariantGroup section */

/* Begin XCBuildConfiguration section */
		B019755A2462494200A4828F /* Debug */ = {
			isa = XCBuildConfiguration;
			buildSettings = {
				ALWAYS_SEARCH_USER_PATHS = NO;
				CLANG_ANALYZER_NONNULL = YES;
				CLANG_ANALYZER_NUMBER_OBJECT_CONVERSION = YES_AGGRESSIVE;
				CLANG_CXX_LANGUAGE_STANDARD = "gnu++14";
				CLANG_CXX_LIBRARY = "libc++";
				CLANG_ENABLE_MODULES = YES;
				CLANG_ENABLE_OBJC_ARC = YES;
				CLANG_ENABLE_OBJC_WEAK = YES;
				CLANG_WARN_BLOCK_CAPTURE_AUTORELEASING = YES;
				CLANG_WARN_BOOL_CONVERSION = YES;
				CLANG_WARN_COMMA = YES;
				CLANG_WARN_CONSTANT_CONVERSION = YES;
				CLANG_WARN_DEPRECATED_OBJC_IMPLEMENTATIONS = YES;
				CLANG_WARN_DIRECT_OBJC_ISA_USAGE = YES_ERROR;
				CLANG_WARN_DOCUMENTATION_COMMENTS = YES;
				CLANG_WARN_EMPTY_BODY = YES;
				CLANG_WARN_ENUM_CONVERSION = YES;
				CLANG_WARN_INFINITE_RECURSION = YES;
				CLANG_WARN_INT_CONVERSION = YES;
				CLANG_WARN_NON_LITERAL_NULL_CONVERSION = YES;
				CLANG_WARN_OBJC_IMPLICIT_RETAIN_SELF = YES;
				CLANG_WARN_OBJC_LITERAL_CONVERSION = YES;
				CLANG_WARN_OBJC_ROOT_CLASS = YES_ERROR;
				CLANG_WARN_RANGE_LOOP_ANALYSIS = YES;
				CLANG_WARN_STRICT_PROTOTYPES = YES;
				CLANG_WARN_SUSPICIOUS_MOVE = YES;
				CLANG_WARN_UNGUARDED_AVAILABILITY = YES_AGGRESSIVE;
				CLANG_WARN_UNREACHABLE_CODE = YES;
				CLANG_WARN__DUPLICATE_METHOD_MATCH = YES;
				COPY_PHASE_STRIP = NO;
				DEBUG_INFORMATION_FORMAT = dwarf;
				ENABLE_STRICT_OBJC_MSGSEND = YES;
				ENABLE_TESTABILITY = YES;
				GCC_C_LANGUAGE_STANDARD = gnu11;
				GCC_DYNAMIC_NO_PIC = NO;
				GCC_NO_COMMON_BLOCKS = YES;
				GCC_OPTIMIZATION_LEVEL = 0;
				GCC_PREPROCESSOR_DEFINITIONS = (
					"DEBUG=1",
					"$(inherited)",
				);
				GCC_WARN_64_TO_32_BIT_CONVERSION = YES;
				GCC_WARN_ABOUT_RETURN_TYPE = YES_ERROR;
				GCC_WARN_UNDECLARED_SELECTOR = YES;
				GCC_WARN_UNINITIALIZED_AUTOS = YES_AGGRESSIVE;
				GCC_WARN_UNUSED_FUNCTION = YES;
				GCC_WARN_UNUSED_VARIABLE = YES;
				IPHONEOS_DEPLOYMENT_TARGET = 13.4;
				MTL_ENABLE_DEBUG_INFO = INCLUDE_SOURCE;
				MTL_FAST_MATH = YES;
				ONLY_ACTIVE_ARCH = YES;
				SDKROOT = iphoneos;
				SWIFT_ACTIVE_COMPILATION_CONDITIONS = DEBUG;
				SWIFT_OPTIMIZATION_LEVEL = "-Onone";
			};
			name = Debug;
		};
		B019755B2462494200A4828F /* Release */ = {
			isa = XCBuildConfiguration;
			buildSettings = {
				ALWAYS_SEARCH_USER_PATHS = NO;
				CLANG_ANALYZER_NONNULL = YES;
				CLANG_ANALYZER_NUMBER_OBJECT_CONVERSION = YES_AGGRESSIVE;
				CLANG_CXX_LANGUAGE_STANDARD = "gnu++14";
				CLANG_CXX_LIBRARY = "libc++";
				CLANG_ENABLE_MODULES = YES;
				CLANG_ENABLE_OBJC_ARC = YES;
				CLANG_ENABLE_OBJC_WEAK = YES;
				CLANG_WARN_BLOCK_CAPTURE_AUTORELEASING = YES;
				CLANG_WARN_BOOL_CONVERSION = YES;
				CLANG_WARN_COMMA = YES;
				CLANG_WARN_CONSTANT_CONVERSION = YES;
				CLANG_WARN_DEPRECATED_OBJC_IMPLEMENTATIONS = YES;
				CLANG_WARN_DIRECT_OBJC_ISA_USAGE = YES_ERROR;
				CLANG_WARN_DOCUMENTATION_COMMENTS = YES;
				CLANG_WARN_EMPTY_BODY = YES;
				CLANG_WARN_ENUM_CONVERSION = YES;
				CLANG_WARN_INFINITE_RECURSION = YES;
				CLANG_WARN_INT_CONVERSION = YES;
				CLANG_WARN_NON_LITERAL_NULL_CONVERSION = YES;
				CLANG_WARN_OBJC_IMPLICIT_RETAIN_SELF = YES;
				CLANG_WARN_OBJC_LITERAL_CONVERSION = YES;
				CLANG_WARN_OBJC_ROOT_CLASS = YES_ERROR;
				CLANG_WARN_RANGE_LOOP_ANALYSIS = YES;
				CLANG_WARN_STRICT_PROTOTYPES = YES;
				CLANG_WARN_SUSPICIOUS_MOVE = YES;
				CLANG_WARN_UNGUARDED_AVAILABILITY = YES_AGGRESSIVE;
				CLANG_WARN_UNREACHABLE_CODE = YES;
				CLANG_WARN__DUPLICATE_METHOD_MATCH = YES;
				COPY_PHASE_STRIP = NO;
				DEBUG_INFORMATION_FORMAT = "dwarf-with-dsym";
				ENABLE_NS_ASSERTIONS = NO;
				ENABLE_STRICT_OBJC_MSGSEND = YES;
				GCC_C_LANGUAGE_STANDARD = gnu11;
				GCC_NO_COMMON_BLOCKS = YES;
				GCC_WARN_64_TO_32_BIT_CONVERSION = YES;
				GCC_WARN_ABOUT_RETURN_TYPE = YES_ERROR;
				GCC_WARN_UNDECLARED_SELECTOR = YES;
				GCC_WARN_UNINITIALIZED_AUTOS = YES_AGGRESSIVE;
				GCC_WARN_UNUSED_FUNCTION = YES;
				GCC_WARN_UNUSED_VARIABLE = YES;
				IPHONEOS_DEPLOYMENT_TARGET = 13.4;
				MTL_ENABLE_DEBUG_INFO = NO;
				MTL_FAST_MATH = YES;
				SDKROOT = iphoneos;
				SWIFT_COMPILATION_MODE = wholemodule;
				SWIFT_OPTIMIZATION_LEVEL = "-O";
				VALIDATE_PRODUCT = YES;
			};
			name = Release;
		};
		B019755D2462494200A4828F /* Debug */ = {
			isa = XCBuildConfiguration;
			buildSettings = {
				ASSETCATALOG_COMPILER_APPICON_NAME = AppIcon;
				CODE_SIGN_STYLE = Automatic;
				DEVELOPMENT_TEAM = MRF2XSX5TN;
				INFOPLIST_FILE = "eggplant-brownie-new/Info.plist";
				LD_RUNPATH_SEARCH_PATHS = (
					"$(inherited)",
					"@executable_path/Frameworks",
				);
				PRODUCT_BUNDLE_IDENTIFIER = "br.com.felipebertanha.eggplant-brownie-new";
				PRODUCT_NAME = "$(TARGET_NAME)";
				SWIFT_VERSION = 5.0;
				TARGETED_DEVICE_FAMILY = "1,2";
			};
			name = Debug;
		};
		B019755E2462494200A4828F /* Release */ = {
			isa = XCBuildConfiguration;
			buildSettings = {
				ASSETCATALOG_COMPILER_APPICON_NAME = AppIcon;
				CODE_SIGN_STYLE = Automatic;
				DEVELOPMENT_TEAM = MRF2XSX5TN;
				INFOPLIST_FILE = "eggplant-brownie-new/Info.plist";
				LD_RUNPATH_SEARCH_PATHS = (
					"$(inherited)",
					"@executable_path/Frameworks",
				);
				PRODUCT_BUNDLE_IDENTIFIER = "br.com.felipebertanha.eggplant-brownie-new";
				PRODUCT_NAME = "$(TARGET_NAME)";
				SWIFT_VERSION = 5.0;
				TARGETED_DEVICE_FAMILY = "1,2";
			};
			name = Release;
		};
/* End XCBuildConfiguration section */

/* Begin XCConfigurationList section */
		B01975432462493F00A4828F /* Build configuration list for PBXProject "eggplant-brownie-new" */ = {
			isa = XCConfigurationList;
			buildConfigurations = (
				B019755A2462494200A4828F /* Debug */,
				B019755B2462494200A4828F /* Release */,
			);
			defaultConfigurationIsVisible = 0;
			defaultConfigurationName = Release;
		};
		B019755C2462494200A4828F /* Build configuration list for PBXNativeTarget "eggplant-brownie-new" */ = {
			isa = XCConfigurationList;
			buildConfigurations = (
				B019755D2462494200A4828F /* Debug */,
				B019755E2462494200A4828F /* Release */,
			);
			defaultConfigurationIsVisible = 0;
			defaultConfigurationName = Release;
		};
/* End XCConfigurationList section */
	};
	rootObject = B01975402462493F00A4828F /* Project object */;
}
